// !$*UTF8*$!
{
	archiveVersion = 1;
	classes = {
	};
	objectVersion = 46;
	objects = {

/* Begin PBXBuildFile section */
		370251591EC54ED20023364C /* Activity+CoreDataClass.swift in Sources */ = {isa = PBXBuildFile; fileRef = 370251571EC54ED20023364C /* Activity+CoreDataClass.swift */; };
		3702515A1EC54ED20023364C /* Activity+CoreDataProperties.swift in Sources */ = {isa = PBXBuildFile; fileRef = 370251581EC54ED20023364C /* Activity+CoreDataProperties.swift */; };
		3716630A1EC90C8A00222FB2 /* Completion+CoreDataClass.swift in Sources */ = {isa = PBXBuildFile; fileRef = 371663081EC90C8A00222FB2 /* Completion+CoreDataClass.swift */; };
		3716630B1EC90C8A00222FB2 /* Completion+CoreDataProperties.swift in Sources */ = {isa = PBXBuildFile; fileRef = 371663091EC90C8A00222FB2 /* Completion+CoreDataProperties.swift */; };
		3718FFC11EDBCF8400B55A2B /* ActivityStore.swift in Sources */ = {isa = PBXBuildFile; fileRef = 3718FFC01EDBCF8400B55A2B /* ActivityStore.swift */; };
		3718FFC31EDBD00000B55A2B /* EntityStore.swift in Sources */ = {isa = PBXBuildFile; fileRef = 3718FFC21EDBD00000B55A2B /* EntityStore.swift */; };
		371F6A891EDBDA230025BFFB /* CompletionStore.swift in Sources */ = {isa = PBXBuildFile; fileRef = 371F6A881EDBDA230025BFFB /* CompletionStore.swift */; };
		371F6A8B1EDBE26A0025BFFB /* CompletionHistory.swift in Sources */ = {isa = PBXBuildFile; fileRef = 371F6A8A1EDBE26A0025BFFB /* CompletionHistory.swift */; };
		372000841EBE528B00895527 /* DailyActivitiesViewController.swift in Sources */ = {isa = PBXBuildFile; fileRef = 372000831EBE528B00895527 /* DailyActivitiesViewController.swift */; };
		373B69481EBE9C7B001DE015 /* DayOfWeekButton.swift in Sources */ = {isa = PBXBuildFile; fileRef = 373B69471EBE9C7B001DE015 /* DayOfWeekButton.swift */; };
		376DE1541EDD0BE200CB2B9C /* UIViewController.swift in Sources */ = {isa = PBXBuildFile; fileRef = 376DE1531EDD0BE200CB2B9C /* UIViewController.swift */; };
		378075BF1ECFBD9F0051CCD2 /* Calendar.swift in Sources */ = {isa = PBXBuildFile; fileRef = 378075BE1ECFBD9F0051CCD2 /* Calendar.swift */; };
		378BD1D61EBE66BE00DD0B42 /* DailyActivitiesViewCell.swift in Sources */ = {isa = PBXBuildFile; fileRef = 378BD1D51EBE66BE00DD0B42 /* DailyActivitiesViewCell.swift */; };
		378BD1D81EBE6CC000DD0B42 /* DayOfWeek.swift in Sources */ = {isa = PBXBuildFile; fileRef = 378BD1D71EBE6CC000DD0B42 /* DayOfWeek.swift */; };
		379157E01EBE4EA500CD445A /* RoutineTabBarController.swift in Sources */ = {isa = PBXBuildFile; fileRef = 379157DF1EBE4EA500CD445A /* RoutineTabBarController.swift */; };
		37AF86511EBE7F7700691872 /* ActivitiesViewController.swift in Sources */ = {isa = PBXBuildFile; fileRef = 37AF86501EBE7F7700691872 /* ActivitiesViewController.swift */; };
		37AF86561EBE83B200691872 /* ActivitiesViewCell.swift in Sources */ = {isa = PBXBuildFile; fileRef = 37AF86551EBE83B200691872 /* ActivitiesViewCell.swift */; };
		37B0ED191EE11BC200706891 /* ActivitySelectionViewController.swift in Sources */ = {isa = PBXBuildFile; fileRef = 37B0ED181EE11BC200706891 /* ActivitySelectionViewController.swift */; };
		37B2D0101EBE8C5400613A18 /* ActivityDetailViewController.swift in Sources */ = {isa = PBXBuildFile; fileRef = 37B2D00F1EBE8C5400613A18 /* ActivityDetailViewController.swift */; };
		37F2B95E1EBA91BA00A6AB9D /* AppDelegate.swift in Sources */ = {isa = PBXBuildFile; fileRef = 37F2B95D1EBA91BA00A6AB9D /* AppDelegate.swift */; };
		37F2B9631EBA91BA00A6AB9D /* Main.storyboard in Resources */ = {isa = PBXBuildFile; fileRef = 37F2B9611EBA91BA00A6AB9D /* Main.storyboard */; };
		37F2B9661EBA91BA00A6AB9D /* Routine.xcdatamodeld in Sources */ = {isa = PBXBuildFile; fileRef = 37F2B9641EBA91BA00A6AB9D /* Routine.xcdatamodeld */; };
		37F2B9681EBA91BA00A6AB9D /* Assets.xcassets in Resources */ = {isa = PBXBuildFile; fileRef = 37F2B9671EBA91BA00A6AB9D /* Assets.xcassets */; };
		37F2B96B1EBA91BA00A6AB9D /* LaunchScreen.storyboard in Resources */ = {isa = PBXBuildFile; fileRef = 37F2B9691EBA91BA00A6AB9D /* LaunchScreen.storyboard */; };
		37F2B9761EBA91BA00A6AB9D /* RoutineTests.swift in Sources */ = {isa = PBXBuildFile; fileRef = 37F2B9751EBA91BA00A6AB9D /* RoutineTests.swift */; };
		37F2B9811EBA91BA00A6AB9D /* RoutineUITests.swift in Sources */ = {isa = PBXBuildFile; fileRef = 37F2B9801EBA91BA00A6AB9D /* RoutineUITests.swift */; };
/* End PBXBuildFile section */

/* Begin PBXContainerItemProxy section */
		37F2B9721EBA91BA00A6AB9D /* PBXContainerItemProxy */ = {
			isa = PBXContainerItemProxy;
			containerPortal = 37F2B9521EBA91BA00A6AB9D /* Project object */;
			proxyType = 1;
			remoteGlobalIDString = 37F2B9591EBA91BA00A6AB9D;
			remoteInfo = Routine;
		};
		37F2B97D1EBA91BA00A6AB9D /* PBXContainerItemProxy */ = {
			isa = PBXContainerItemProxy;
			containerPortal = 37F2B9521EBA91BA00A6AB9D /* Project object */;
			proxyType = 1;
			remoteGlobalIDString = 37F2B9591EBA91BA00A6AB9D;
			remoteInfo = Routine;
		};
/* End PBXContainerItemProxy section */

/* Begin PBXFileReference section */
		370251571EC54ED20023364C /* Activity+CoreDataClass.swift */ = {isa = PBXFileReference; fileEncoding = 4; lastKnownFileType = sourcecode.swift; path = "Activity+CoreDataClass.swift"; sourceTree = "<group>"; };
		370251581EC54ED20023364C /* Activity+CoreDataProperties.swift */ = {isa = PBXFileReference; fileEncoding = 4; lastKnownFileType = sourcecode.swift; path = "Activity+CoreDataProperties.swift"; sourceTree = "<group>"; };
		371663081EC90C8A00222FB2 /* Completion+CoreDataClass.swift */ = {isa = PBXFileReference; fileEncoding = 4; lastKnownFileType = sourcecode.swift; path = "Completion+CoreDataClass.swift"; sourceTree = "<group>"; };
		371663091EC90C8A00222FB2 /* Completion+CoreDataProperties.swift */ = {isa = PBXFileReference; fileEncoding = 4; lastKnownFileType = sourcecode.swift; path = "Completion+CoreDataProperties.swift"; sourceTree = "<group>"; };
		3718FFC01EDBCF8400B55A2B /* ActivityStore.swift */ = {isa = PBXFileReference; fileEncoding = 4; lastKnownFileType = sourcecode.swift; path = ActivityStore.swift; sourceTree = "<group>"; };
		3718FFC21EDBD00000B55A2B /* EntityStore.swift */ = {isa = PBXFileReference; fileEncoding = 4; lastKnownFileType = sourcecode.swift; path = EntityStore.swift; sourceTree = "<group>"; };
		371F6A881EDBDA230025BFFB /* CompletionStore.swift */ = {isa = PBXFileReference; fileEncoding = 4; lastKnownFileType = sourcecode.swift; path = CompletionStore.swift; sourceTree = "<group>"; };
		371F6A8A1EDBE26A0025BFFB /* CompletionHistory.swift */ = {isa = PBXFileReference; fileEncoding = 4; lastKnownFileType = sourcecode.swift; path = CompletionHistory.swift; sourceTree = "<group>"; };
		372000831EBE528B00895527 /* DailyActivitiesViewController.swift */ = {isa = PBXFileReference; fileEncoding = 4; lastKnownFileType = sourcecode.swift; lineEnding = 0; path = DailyActivitiesViewController.swift; sourceTree = "<group>"; xcLanguageSpecificationIdentifier = xcode.lang.swift; };
		373B69471EBE9C7B001DE015 /* DayOfWeekButton.swift */ = {isa = PBXFileReference; fileEncoding = 4; lastKnownFileType = sourcecode.swift; path = DayOfWeekButton.swift; sourceTree = "<group>"; };
		376DE1531EDD0BE200CB2B9C /* UIViewController.swift */ = {isa = PBXFileReference; fileEncoding = 4; lastKnownFileType = sourcecode.swift; path = UIViewController.swift; sourceTree = "<group>"; };
		378075BE1ECFBD9F0051CCD2 /* Calendar.swift */ = {isa = PBXFileReference; fileEncoding = 4; lastKnownFileType = sourcecode.swift; path = Calendar.swift; sourceTree = "<group>"; };
		378BD1D51EBE66BE00DD0B42 /* DailyActivitiesViewCell.swift */ = {isa = PBXFileReference; fileEncoding = 4; lastKnownFileType = sourcecode.swift; path = DailyActivitiesViewCell.swift; sourceTree = "<group>"; };
		378BD1D71EBE6CC000DD0B42 /* DayOfWeek.swift */ = {isa = PBXFileReference; fileEncoding = 4; lastKnownFileType = sourcecode.swift; path = DayOfWeek.swift; sourceTree = "<group>"; };
		379157DF1EBE4EA500CD445A /* RoutineTabBarController.swift */ = {isa = PBXFileReference; fileEncoding = 4; lastKnownFileType = sourcecode.swift; path = RoutineTabBarController.swift; sourceTree = "<group>"; };
		37AF86501EBE7F7700691872 /* ActivitiesViewController.swift */ = {isa = PBXFileReference; fileEncoding = 4; lastKnownFileType = sourcecode.swift; path = ActivitiesViewController.swift; sourceTree = "<group>"; };
		37AF86551EBE83B200691872 /* ActivitiesViewCell.swift */ = {isa = PBXFileReference; fileEncoding = 4; lastKnownFileType = sourcecode.swift; path = ActivitiesViewCell.swift; sourceTree = "<group>"; };
		37B0ED181EE11BC200706891 /* ActivitySelectionViewController.swift */ = {isa = PBXFileReference; fileEncoding = 4; lastKnownFileType = sourcecode.swift; path = ActivitySelectionViewController.swift; sourceTree = "<group>"; };
		37B2D00F1EBE8C5400613A18 /* ActivityDetailViewController.swift */ = {isa = PBXFileReference; fileEncoding = 4; lastKnownFileType = sourcecode.swift; lineEnding = 0; path = ActivityDetailViewController.swift; sourceTree = "<group>"; xcLanguageSpecificationIdentifier = xcode.lang.swift; };
		37F2B95A1EBA91BA00A6AB9D /* Routine.app */ = {isa = PBXFileReference; explicitFileType = wrapper.application; includeInIndex = 0; path = Routine.app; sourceTree = BUILT_PRODUCTS_DIR; };
		37F2B95D1EBA91BA00A6AB9D /* AppDelegate.swift */ = {isa = PBXFileReference; lastKnownFileType = sourcecode.swift; path = AppDelegate.swift; sourceTree = "<group>"; };
		37F2B9621EBA91BA00A6AB9D /* Base */ = {isa = PBXFileReference; lastKnownFileType = file.storyboard; name = Base; path = Base.lproj/Main.storyboard; sourceTree = "<group>"; };
		37F2B9651EBA91BA00A6AB9D /* Routine.xcdatamodel */ = {isa = PBXFileReference; lastKnownFileType = wrapper.xcdatamodel; path = Routine.xcdatamodel; sourceTree = "<group>"; };
		37F2B9671EBA91BA00A6AB9D /* Assets.xcassets */ = {isa = PBXFileReference; lastKnownFileType = folder.assetcatalog; path = Assets.xcassets; sourceTree = "<group>"; };
		37F2B96A1EBA91BA00A6AB9D /* Base */ = {isa = PBXFileReference; lastKnownFileType = file.storyboard; name = Base; path = Base.lproj/LaunchScreen.storyboard; sourceTree = "<group>"; };
		37F2B96C1EBA91BA00A6AB9D /* Info.plist */ = {isa = PBXFileReference; lastKnownFileType = text.plist.xml; path = Info.plist; sourceTree = "<group>"; };
		37F2B9711EBA91BA00A6AB9D /* RoutineTests.xctest */ = {isa = PBXFileReference; explicitFileType = wrapper.cfbundle; includeInIndex = 0; path = RoutineTests.xctest; sourceTree = BUILT_PRODUCTS_DIR; };
		37F2B9751EBA91BA00A6AB9D /* RoutineTests.swift */ = {isa = PBXFileReference; lastKnownFileType = sourcecode.swift; path = RoutineTests.swift; sourceTree = "<group>"; };
		37F2B9771EBA91BA00A6AB9D /* Info.plist */ = {isa = PBXFileReference; lastKnownFileType = text.plist.xml; path = Info.plist; sourceTree = "<group>"; };
		37F2B97C1EBA91BA00A6AB9D /* RoutineUITests.xctest */ = {isa = PBXFileReference; explicitFileType = wrapper.cfbundle; includeInIndex = 0; path = RoutineUITests.xctest; sourceTree = BUILT_PRODUCTS_DIR; };
		37F2B9801EBA91BA00A6AB9D /* RoutineUITests.swift */ = {isa = PBXFileReference; lastKnownFileType = sourcecode.swift; path = RoutineUITests.swift; sourceTree = "<group>"; };
		37F2B9821EBA91BA00A6AB9D /* Info.plist */ = {isa = PBXFileReference; lastKnownFileType = text.plist.xml; path = Info.plist; sourceTree = "<group>"; };
/* End PBXFileReference section */

/* Begin PBXFrameworksBuildPhase section */
		37F2B9571EBA91BA00A6AB9D /* Frameworks */ = {
			isa = PBXFrameworksBuildPhase;
			buildActionMask = 2147483647;
			files = (
			);
			runOnlyForDeploymentPostprocessing = 0;
		};
		37F2B96E1EBA91BA00A6AB9D /* Frameworks */ = {
			isa = PBXFrameworksBuildPhase;
			buildActionMask = 2147483647;
			files = (
			);
			runOnlyForDeploymentPostprocessing = 0;
		};
		37F2B9791EBA91BA00A6AB9D /* Frameworks */ = {
			isa = PBXFrameworksBuildPhase;
			buildActionMask = 2147483647;
			files = (
			);
			runOnlyForDeploymentPostprocessing = 0;
		};
/* End PBXFrameworksBuildPhase section */

/* Begin PBXGroup section */
		378075C01ECFBDA50051CCD2 /* Extensions */ = {
			isa = PBXGroup;
			children = (
				378075BE1ECFBD9F0051CCD2 /* Calendar.swift */,
				376DE1531EDD0BE200CB2B9C /* UIViewController.swift */,
			);
			name = Extensions;
			sourceTree = "<group>";
		};
		37AF86521EBE821300691872 /* Controllers */ = {
			isa = PBXGroup;
			children = (
				37B2D00F1EBE8C5400613A18 /* ActivityDetailViewController.swift */,
				37B0ED181EE11BC200706891 /* ActivitySelectionViewController.swift */,
				37AF86501EBE7F7700691872 /* ActivitiesViewController.swift */,
				372000831EBE528B00895527 /* DailyActivitiesViewController.swift */,
				379157DF1EBE4EA500CD445A /* RoutineTabBarController.swift */,
			);
			name = Controllers;
			sourceTree = "<group>";
		};
		37AF86531EBE823100691872 /* Models */ = {
			isa = PBXGroup;
			children = (
				370251571EC54ED20023364C /* Activity+CoreDataClass.swift */,
				370251581EC54ED20023364C /* Activity+CoreDataProperties.swift */,
				3718FFC01EDBCF8400B55A2B /* ActivityStore.swift */,
				371663081EC90C8A00222FB2 /* Completion+CoreDataClass.swift */,
				371663091EC90C8A00222FB2 /* Completion+CoreDataProperties.swift */,
				371F6A8A1EDBE26A0025BFFB /* CompletionHistory.swift */,
				371F6A881EDBDA230025BFFB /* CompletionStore.swift */,
				378BD1D71EBE6CC000DD0B42 /* DayOfWeek.swift */,
				3718FFC21EDBD00000B55A2B /* EntityStore.swift */,
			);
			name = Models;
			sourceTree = "<group>";
		};
		37AF86541EBE823E00691872 /* Views */ = {
			isa = PBXGroup;
			children = (
				37AF86551EBE83B200691872 /* ActivitiesViewCell.swift */,
				378BD1D51EBE66BE00DD0B42 /* DailyActivitiesViewCell.swift */,
				373B69471EBE9C7B001DE015 /* DayOfWeekButton.swift */,
			);
			name = Views;
			sourceTree = "<group>";
		};
		37F2B9511EBA91BA00A6AB9D = {
			isa = PBXGroup;
			children = (
				37F2B95C1EBA91BA00A6AB9D /* Routine */,
				37F2B9741EBA91BA00A6AB9D /* RoutineTests */,
				37F2B97F1EBA91BA00A6AB9D /* RoutineUITests */,
				37F2B95B1EBA91BA00A6AB9D /* Products */,
			);
			sourceTree = "<group>";
		};
		37F2B95B1EBA91BA00A6AB9D /* Products */ = {
			isa = PBXGroup;
			children = (
				37F2B95A1EBA91BA00A6AB9D /* Routine.app */,
				37F2B9711EBA91BA00A6AB9D /* RoutineTests.xctest */,
				37F2B97C1EBA91BA00A6AB9D /* RoutineUITests.xctest */,
			);
			name = Products;
			sourceTree = "<group>";
		};
		37F2B95C1EBA91BA00A6AB9D /* Routine */ = {
			isa = PBXGroup;
			children = (
				37AF86531EBE823100691872 /* Models */,
				37AF86541EBE823E00691872 /* Views */,
				37AF86521EBE821300691872 /* Controllers */,
				378075C01ECFBDA50051CCD2 /* Extensions */,
				37F2B95D1EBA91BA00A6AB9D /* AppDelegate.swift */,
				37F2B9611EBA91BA00A6AB9D /* Main.storyboard */,
				37F2B9671EBA91BA00A6AB9D /* Assets.xcassets */,
				37F2B9691EBA91BA00A6AB9D /* LaunchScreen.storyboard */,
				37F2B96C1EBA91BA00A6AB9D /* Info.plist */,
				37F2B9641EBA91BA00A6AB9D /* Routine.xcdatamodeld */,
			);
			path = Routine;
			sourceTree = "<group>";
		};
		37F2B9741EBA91BA00A6AB9D /* RoutineTests */ = {
			isa = PBXGroup;
			children = (
				37F2B9751EBA91BA00A6AB9D /* RoutineTests.swift */,
				37F2B9771EBA91BA00A6AB9D /* Info.plist */,
			);
			path = RoutineTests;
			sourceTree = "<group>";
		};
		37F2B97F1EBA91BA00A6AB9D /* RoutineUITests */ = {
			isa = PBXGroup;
			children = (
				37F2B9801EBA91BA00A6AB9D /* RoutineUITests.swift */,
				37F2B9821EBA91BA00A6AB9D /* Info.plist */,
			);
			path = RoutineUITests;
			sourceTree = "<group>";
		};
/* End PBXGroup section */

/* Begin PBXNativeTarget section */
		37F2B9591EBA91BA00A6AB9D /* Routine */ = {
			isa = PBXNativeTarget;
			buildConfigurationList = 37F2B9851EBA91BA00A6AB9D /* Build configuration list for PBXNativeTarget "Routine" */;
			buildPhases = (
				37F2B9561EBA91BA00A6AB9D /* Sources */,
				37F2B9571EBA91BA00A6AB9D /* Frameworks */,
				37F2B9581EBA91BA00A6AB9D /* Resources */,
			);
			buildRules = (
			);
			dependencies = (
			);
			name = Routine;
			productName = Routine;
			productReference = 37F2B95A1EBA91BA00A6AB9D /* Routine.app */;
			productType = "com.apple.product-type.application";
		};
		37F2B9701EBA91BA00A6AB9D /* RoutineTests */ = {
			isa = PBXNativeTarget;
			buildConfigurationList = 37F2B9881EBA91BA00A6AB9D /* Build configuration list for PBXNativeTarget "RoutineTests" */;
			buildPhases = (
				37F2B96D1EBA91BA00A6AB9D /* Sources */,
				37F2B96E1EBA91BA00A6AB9D /* Frameworks */,
				37F2B96F1EBA91BA00A6AB9D /* Resources */,
			);
			buildRules = (
			);
			dependencies = (
				37F2B9731EBA91BA00A6AB9D /* PBXTargetDependency */,
			);
			name = RoutineTests;
			productName = RoutineTests;
			productReference = 37F2B9711EBA91BA00A6AB9D /* RoutineTests.xctest */;
			productType = "com.apple.product-type.bundle.unit-test";
		};
		37F2B97B1EBA91BA00A6AB9D /* RoutineUITests */ = {
			isa = PBXNativeTarget;
			buildConfigurationList = 37F2B98B1EBA91BA00A6AB9D /* Build configuration list for PBXNativeTarget "RoutineUITests" */;
			buildPhases = (
				37F2B9781EBA91BA00A6AB9D /* Sources */,
				37F2B9791EBA91BA00A6AB9D /* Frameworks */,
				37F2B97A1EBA91BA00A6AB9D /* Resources */,
			);
			buildRules = (
			);
			dependencies = (
				37F2B97E1EBA91BA00A6AB9D /* PBXTargetDependency */,
			);
			name = RoutineUITests;
			productName = RoutineUITests;
			productReference = 37F2B97C1EBA91BA00A6AB9D /* RoutineUITests.xctest */;
			productType = "com.apple.product-type.bundle.ui-testing";
		};
/* End PBXNativeTarget section */

/* Begin PBXProject section */
		37F2B9521EBA91BA00A6AB9D /* Project object */ = {
			isa = PBXProject;
			attributes = {
				LastSwiftUpdateCheck = 0830;
				LastUpgradeCheck = 0830;
				ORGANIZATIONNAME = Redox;
				TargetAttributes = {
					37F2B9591EBA91BA00A6AB9D = {
						CreatedOnToolsVersion = 8.3.2;
						DevelopmentTeam = 8G8FFTBN46;
						ProvisioningStyle = Automatic;
					};
					37F2B9701EBA91BA00A6AB9D = {
						CreatedOnToolsVersion = 8.3.2;
						DevelopmentTeam = 6AMSJ5G46R;
						ProvisioningStyle = Automatic;
						TestTargetID = 37F2B9591EBA91BA00A6AB9D;
					};
					37F2B97B1EBA91BA00A6AB9D = {
						CreatedOnToolsVersion = 8.3.2;
						DevelopmentTeam = 6AMSJ5G46R;
						ProvisioningStyle = Automatic;
						TestTargetID = 37F2B9591EBA91BA00A6AB9D;
					};
				};
			};
			buildConfigurationList = 37F2B9551EBA91BA00A6AB9D /* Build configuration list for PBXProject "Routine" */;
			compatibilityVersion = "Xcode 3.2";
			developmentRegion = English;
			hasScannedForEncodings = 0;
			knownRegions = (
				en,
				Base,
			);
			mainGroup = 37F2B9511EBA91BA00A6AB9D;
			productRefGroup = 37F2B95B1EBA91BA00A6AB9D /* Products */;
			projectDirPath = "";
			projectRoot = "";
			targets = (
				37F2B9591EBA91BA00A6AB9D /* Routine */,
				37F2B9701EBA91BA00A6AB9D /* RoutineTests */,
				37F2B97B1EBA91BA00A6AB9D /* RoutineUITests */,
			);
		};
/* End PBXProject section */

/* Begin PBXResourcesBuildPhase section */
		37F2B9581EBA91BA00A6AB9D /* Resources */ = {
			isa = PBXResourcesBuildPhase;
			buildActionMask = 2147483647;
			files = (
				37F2B96B1EBA91BA00A6AB9D /* LaunchScreen.storyboard in Resources */,
				37F2B9681EBA91BA00A6AB9D /* Assets.xcassets in Resources */,
				37F2B9631EBA91BA00A6AB9D /* Main.storyboard in Resources */,
			);
			runOnlyForDeploymentPostprocessing = 0;
		};
		37F2B96F1EBA91BA00A6AB9D /* Resources */ = {
			isa = PBXResourcesBuildPhase;
			buildActionMask = 2147483647;
			files = (
			);
			runOnlyForDeploymentPostprocessing = 0;
		};
		37F2B97A1EBA91BA00A6AB9D /* Resources */ = {
			isa = PBXResourcesBuildPhase;
			buildActionMask = 2147483647;
			files = (
			);
			runOnlyForDeploymentPostprocessing = 0;
		};
/* End PBXResourcesBuildPhase section */

/* Begin PBXSourcesBuildPhase section */
		37F2B9561EBA91BA00A6AB9D /* Sources */ = {
			isa = PBXSourcesBuildPhase;
			buildActionMask = 2147483647;
			files = (
				371F6A891EDBDA230025BFFB /* CompletionStore.swift in Sources */,
				371F6A8B1EDBE26A0025BFFB /* CompletionHistory.swift in Sources */,
				370251591EC54ED20023364C /* Activity+CoreDataClass.swift in Sources */,
				37B2D0101EBE8C5400613A18 /* ActivityDetailViewController.swift in Sources */,
				37F2B9661EBA91BA00A6AB9D /* Routine.xcdatamodeld in Sources */,
				378075BF1ECFBD9F0051CCD2 /* Calendar.swift in Sources */,
				378BD1D81EBE6CC000DD0B42 /* DayOfWeek.swift in Sources */,
				373B69481EBE9C7B001DE015 /* DayOfWeekButton.swift in Sources */,
				379157E01EBE4EA500CD445A /* RoutineTabBarController.swift in Sources */,
				37AF86561EBE83B200691872 /* ActivitiesViewCell.swift in Sources */,
				37AF86511EBE7F7700691872 /* ActivitiesViewController.swift in Sources */,
				372000841EBE528B00895527 /* DailyActivitiesViewController.swift in Sources */,
				37B0ED191EE11BC200706891 /* ActivitySelectionViewController.swift in Sources */,
				3716630B1EC90C8A00222FB2 /* Completion+CoreDataProperties.swift in Sources */,
				3718FFC31EDBD00000B55A2B /* EntityStore.swift in Sources */,
				376DE1541EDD0BE200CB2B9C /* UIViewController.swift in Sources */,
				3702515A1EC54ED20023364C /* Activity+CoreDataProperties.swift in Sources */,
				3716630A1EC90C8A00222FB2 /* Completion+CoreDataClass.swift in Sources */,
				378BD1D61EBE66BE00DD0B42 /* DailyActivitiesViewCell.swift in Sources */,
				3718FFC11EDBCF8400B55A2B /* ActivityStore.swift in Sources */,
				37F2B95E1EBA91BA00A6AB9D /* AppDelegate.swift in Sources */,
			);
			runOnlyForDeploymentPostprocessing = 0;
		};
		37F2B96D1EBA91BA00A6AB9D /* Sources */ = {
			isa = PBXSourcesBuildPhase;
			buildActionMask = 2147483647;
			files = (
				37F2B9761EBA91BA00A6AB9D /* RoutineTests.swift in Sources */,
			);
			runOnlyForDeploymentPostprocessing = 0;
		};
		37F2B9781EBA91BA00A6AB9D /* Sources */ = {
			isa = PBXSourcesBuildPhase;
			buildActionMask = 2147483647;
			files = (
				37F2B9811EBA91BA00A6AB9D /* RoutineUITests.swift in Sources */,
			);
			runOnlyForDeploymentPostprocessing = 0;
		};
/* End PBXSourcesBuildPhase section */

/* Begin PBXTargetDependency section */
		37F2B9731EBA91BA00A6AB9D /* PBXTargetDependency */ = {
			isa = PBXTargetDependency;
			target = 37F2B9591EBA91BA00A6AB9D /* Routine */;
			targetProxy = 37F2B9721EBA91BA00A6AB9D /* PBXContainerItemProxy */;
		};
		37F2B97E1EBA91BA00A6AB9D /* PBXTargetDependency */ = {
			isa = PBXTargetDependency;
			target = 37F2B9591EBA91BA00A6AB9D /* Routine */;
			targetProxy = 37F2B97D1EBA91BA00A6AB9D /* PBXContainerItemProxy */;
		};
/* End PBXTargetDependency section */

/* Begin PBXVariantGroup section */
		37F2B9611EBA91BA00A6AB9D /* Main.storyboard */ = {
			isa = PBXVariantGroup;
			children = (
				37F2B9621EBA91BA00A6AB9D /* Base */,
			);
			name = Main.storyboard;
			sourceTree = "<group>";
		};
		37F2B9691EBA91BA00A6AB9D /* LaunchScreen.storyboard */ = {
			isa = PBXVariantGroup;
			children = (
				37F2B96A1EBA91BA00A6AB9D /* Base */,
			);
			name = LaunchScreen.storyboard;
			sourceTree = "<group>";
		};
/* End PBXVariantGroup section */

/* Begin XCBuildConfiguration section */
		37F2B9831EBA91BA00A6AB9D /* Debug */ = {
			isa = XCBuildConfiguration;
			buildSettings = {
				ALWAYS_SEARCH_USER_PATHS = NO;
				CLANG_ANALYZER_NONNULL = YES;
				CLANG_ANALYZER_NUMBER_OBJECT_CONVERSION = YES_AGGRESSIVE;
				CLANG_CXX_LANGUAGE_STANDARD = "gnu++0x";
				CLANG_CXX_LIBRARY = "libc++";
				CLANG_ENABLE_MODULES = YES;
				CLANG_ENABLE_OBJC_ARC = YES;
				CLANG_WARN_BOOL_CONVERSION = YES;
				CLANG_WARN_CONSTANT_CONVERSION = YES;
				CLANG_WARN_DIRECT_OBJC_ISA_USAGE = YES_ERROR;
				CLANG_WARN_DOCUMENTATION_COMMENTS = YES;
				CLANG_WARN_EMPTY_BODY = YES;
				CLANG_WARN_ENUM_CONVERSION = YES;
				CLANG_WARN_INFINITE_RECURSION = YES;
				CLANG_WARN_INT_CONVERSION = YES;
				CLANG_WARN_OBJC_ROOT_CLASS = YES_ERROR;
				CLANG_WARN_SUSPICIOUS_MOVE = YES;
				CLANG_WARN_UNREACHABLE_CODE = YES;
				CLANG_WARN__DUPLICATE_METHOD_MATCH = YES;
				"CODE_SIGN_IDENTITY[sdk=iphoneos*]" = "iPhone Developer";
				COPY_PHASE_STRIP = NO;
				DEBUG_INFORMATION_FORMAT = dwarf;
				ENABLE_STRICT_OBJC_MSGSEND = YES;
				ENABLE_TESTABILITY = YES;
				GCC_C_LANGUAGE_STANDARD = gnu99;
				GCC_DYNAMIC_NO_PIC = NO;
				GCC_NO_COMMON_BLOCKS = YES;
				GCC_OPTIMIZATION_LEVEL = 0;
				GCC_PREPROCESSOR_DEFINITIONS = (
					"DEBUG=1",
					"$(inherited)",
				);
				GCC_WARN_64_TO_32_BIT_CONVERSION = YES;
				GCC_WARN_ABOUT_RETURN_TYPE = YES_ERROR;
				GCC_WARN_UNDECLARED_SELECTOR = YES;
				GCC_WARN_UNINITIALIZED_AUTOS = YES_AGGRESSIVE;
				GCC_WARN_UNUSED_FUNCTION = YES;
				GCC_WARN_UNUSED_VARIABLE = YES;
				IPHONEOS_DEPLOYMENT_TARGET = 10.3;
				MTL_ENABLE_DEBUG_INFO = YES;
				ONLY_ACTIVE_ARCH = YES;
				SDKROOT = iphoneos;
				SWIFT_ACTIVE_COMPILATION_CONDITIONS = DEBUG;
				SWIFT_OPTIMIZATION_LEVEL = "-Onone";
				TARGETED_DEVICE_FAMILY = "1,2";
			};
			name = Debug;
		};
		37F2B9841EBA91BA00A6AB9D /* Release */ = {
			isa = XCBuildConfiguration;
			buildSettings = {
				ALWAYS_SEARCH_USER_PATHS = NO;
				CLANG_ANALYZER_NONNULL = YES;
				CLANG_ANALYZER_NUMBER_OBJECT_CONVERSION = YES_AGGRESSIVE;
				CLANG_CXX_LANGUAGE_STANDARD = "gnu++0x";
				CLANG_CXX_LIBRARY = "libc++";
				CLANG_ENABLE_MODULES = YES;
				CLANG_ENABLE_OBJC_ARC = YES;
				CLANG_WARN_BOOL_CONVERSION = YES;
				CLANG_WARN_CONSTANT_CONVERSION = YES;
				CLANG_WARN_DIRECT_OBJC_ISA_USAGE = YES_ERROR;
				CLANG_WARN_DOCUMENTATION_COMMENTS = YES;
				CLANG_WARN_EMPTY_BODY = YES;
				CLANG_WARN_ENUM_CONVERSION = YES;
				CLANG_WARN_INFINITE_RECURSION = YES;
				CLANG_WARN_INT_CONVERSION = YES;
				CLANG_WARN_OBJC_ROOT_CLASS = YES_ERROR;
				CLANG_WARN_SUSPICIOUS_MOVE = YES;
				CLANG_WARN_UNREACHABLE_CODE = YES;
				CLANG_WARN__DUPLICATE_METHOD_MATCH = YES;
				"CODE_SIGN_IDENTITY[sdk=iphoneos*]" = "iPhone Developer";
				COPY_PHASE_STRIP = NO;
				DEBUG_INFORMATION_FORMAT = "dwarf-with-dsym";
				ENABLE_NS_ASSERTIONS = NO;
				ENABLE_STRICT_OBJC_MSGSEND = YES;
				GCC_C_LANGUAGE_STANDARD = gnu99;
				GCC_NO_COMMON_BLOCKS = YES;
				GCC_WARN_64_TO_32_BIT_CONVERSION = YES;
				GCC_WARN_ABOUT_RETURN_TYPE = YES_ERROR;
				GCC_WARN_UNDECLARED_SELECTOR = YES;
				GCC_WARN_UNINITIALIZED_AUTOS = YES_AGGRESSIVE;
				GCC_WARN_UNUSED_FUNCTION = YES;
				GCC_WARN_UNUSED_VARIABLE = YES;
				IPHONEOS_DEPLOYMENT_TARGET = 10.3;
				MTL_ENABLE_DEBUG_INFO = NO;
				SDKROOT = iphoneos;
				SWIFT_OPTIMIZATION_LEVEL = "-Owholemodule";
				TARGETED_DEVICE_FAMILY = "1,2";
				VALIDATE_PRODUCT = YES;
			};
			name = Release;
		};
		37F2B9861EBA91BA00A6AB9D /* Debug */ = {
			isa = XCBuildConfiguration;
			buildSettings = {
				ASSETCATALOG_COMPILER_APPICON_NAME = AppIcon;
				DEVELOPMENT_TEAM = 8G8FFTBN46;
				INFOPLIST_FILE = Routine/Info.plist;
				IPHONEOS_DEPLOYMENT_TARGET = 10.0;
				LD_RUNPATH_SEARCH_PATHS = "$(inherited) @executable_path/Frameworks";
				PRODUCT_BUNDLE_IDENTIFIER = com.redox.Routine;
				PRODUCT_NAME = "$(TARGET_NAME)";
				SWIFT_VERSION = 3.0;
			};
			name = Debug;
		};
		37F2B9871EBA91BA00A6AB9D /* Release */ = {
			isa = XCBuildConfiguration;
			buildSettings = {
				ASSETCATALOG_COMPILER_APPICON_NAME = AppIcon;
				DEVELOPMENT_TEAM = 8G8FFTBN46;
				INFOPLIST_FILE = Routine/Info.plist;
				IPHONEOS_DEPLOYMENT_TARGET = 10.0;
				LD_RUNPATH_SEARCH_PATHS = "$(inherited) @executable_path/Frameworks";
				PRODUCT_BUNDLE_IDENTIFIER = com.redox.Routine;
				PRODUCT_NAME = "$(TARGET_NAME)";
				SWIFT_VERSION = 3.0;
			};
			name = Release;
		};
		37F2B9891EBA91BA00A6AB9D /* Debug */ = {
			isa = XCBuildConfiguration;
			buildSettings = {
				ALWAYS_EMBED_SWIFT_STANDARD_LIBRARIES = YES;
				BUNDLE_LOADER = "$(TEST_HOST)";
				DEVELOPMENT_TEAM = 6AMSJ5G46R;
				INFOPLIST_FILE = RoutineTests/Info.plist;
				LD_RUNPATH_SEARCH_PATHS = "$(inherited) @executable_path/Frameworks @loader_path/Frameworks";
				PRODUCT_BUNDLE_IDENTIFIER = com.redox.RoutineTests;
				PRODUCT_NAME = "$(TARGET_NAME)";
				SWIFT_VERSION = 3.0;
				TEST_HOST = "$(BUILT_PRODUCTS_DIR)/Routine.app/Routine";
			};
			name = Debug;
		};
		37F2B98A1EBA91BA00A6AB9D /* Release */ = {
			isa = XCBuildConfiguration;
			buildSettings = {
				ALWAYS_EMBED_SWIFT_STANDARD_LIBRARIES = YES;
				BUNDLE_LOADER = "$(TEST_HOST)";
				DEVELOPMENT_TEAM = 6AMSJ5G46R;
				INFOPLIST_FILE = RoutineTests/Info.plist;
				LD_RUNPATH_SEARCH_PATHS = "$(inherited) @executable_path/Frameworks @loader_path/Frameworks";
				PRODUCT_BUNDLE_IDENTIFIER = com.redox.RoutineTests;
				PRODUCT_NAME = "$(TARGET_NAME)";
				SWIFT_VERSION = 3.0;
				TEST_HOST = "$(BUILT_PRODUCTS_DIR)/Routine.app/Routine";
			};
			name = Release;
		};
		37F2B98C1EBA91BA00A6AB9D /* Debug */ = {
			isa = XCBuildConfiguration;
			buildSettings = {
				ALWAYS_EMBED_SWIFT_STANDARD_LIBRARIES = YES;
				DEVELOPMENT_TEAM = 6AMSJ5G46R;
				INFOPLIST_FILE = RoutineUITests/Info.plist;
				LD_RUNPATH_SEARCH_PATHS = "$(inherited) @executable_path/Frameworks @loader_path/Frameworks";
				PRODUCT_BUNDLE_IDENTIFIER = com.redox.RoutineUITests;
				PRODUCT_NAME = "$(TARGET_NAME)";
				SWIFT_VERSION = 3.0;
				TEST_TARGET_NAME = Routine;
			};
			name = Debug;
		};
		37F2B98D1EBA91BA00A6AB9D /* Release */ = {
			isa = XCBuildConfiguration;
			buildSettings = {
				ALWAYS_EMBED_SWIFT_STANDARD_LIBRARIES = YES;
				DEVELOPMENT_TEAM = 6AMSJ5G46R;
				INFOPLIST_FILE = RoutineUITests/Info.plist;
				LD_RUNPATH_SEARCH_PATHS = "$(inherited) @executable_path/Frameworks @loader_path/Frameworks";
				PRODUCT_BUNDLE_IDENTIFIER = com.redox.RoutineUITests;
				PRODUCT_NAME = "$(TARGET_NAME)";
				SWIFT_VERSION = 3.0;
				TEST_TARGET_NAME = Routine;
			};
			name = Release;
		};
/* End XCBuildConfiguration section */

/* Begin XCConfigurationList section */
		37F2B9551EBA91BA00A6AB9D /* Build configuration list for PBXProject "Routine" */ = {
			isa = XCConfigurationList;
			buildConfigurations = (
				37F2B9831EBA91BA00A6AB9D /* Debug */,
				37F2B9841EBA91BA00A6AB9D /* Release */,
			);
			defaultConfigurationIsVisible = 0;
			defaultConfigurationName = Release;
		};
		37F2B9851EBA91BA00A6AB9D /* Build configuration list for PBXNativeTarget "Routine" */ = {
			isa = XCConfigurationList;
			buildConfigurations = (
				37F2B9861EBA91BA00A6AB9D /* Debug */,
				37F2B9871EBA91BA00A6AB9D /* Release */,
			);
			defaultConfigurationIsVisible = 0;
			defaultConfigurationName = Release;
		};
		37F2B9881EBA91BA00A6AB9D /* Build configuration list for PBXNativeTarget "RoutineTests" */ = {
			isa = XCConfigurationList;
			buildConfigurations = (
				37F2B9891EBA91BA00A6AB9D /* Debug */,
				37F2B98A1EBA91BA00A6AB9D /* Release */,
			);
			defaultConfigurationIsVisible = 0;
			defaultConfigurationName = Release;
		};
		37F2B98B1EBA91BA00A6AB9D /* Build configuration list for PBXNativeTarget "RoutineUITests" */ = {
			isa = XCConfigurationList;
			buildConfigurations = (
				37F2B98C1EBA91BA00A6AB9D /* Debug */,
				37F2B98D1EBA91BA00A6AB9D /* Release */,
			);
			defaultConfigurationIsVisible = 0;
			defaultConfigurationName = Release;
		};
/* End XCConfigurationList section */

/* Begin XCVersionGroup section */
		37F2B9641EBA91BA00A6AB9D /* Routine.xcdatamodeld */ = {
			isa = XCVersionGroup;
			children = (
				37F2B9651EBA91BA00A6AB9D /* Routine.xcdatamodel */,
			);
			currentVersion = 37F2B9651EBA91BA00A6AB9D /* Routine.xcdatamodel */;
			path = Routine.xcdatamodeld;
			sourceTree = "<group>";
			versionGroupType = wrapper.xcdatamodel;
		};
/* End XCVersionGroup section */
	};
	rootObject = 37F2B9521EBA91BA00A6AB9D /* Project object */;
}
